
Microsoft Visual Studio Solution File, Format Version 12.00
# Visual Studio 14
VisualStudioVersion = 14.0.25420.1
MinimumVisualStudioVersion = 10.0.40219.1
Project("{FAE04EC0-301F-11D3-BF4B-00C04F79EFBC}") = "dahl", "dahl\dahl.csproj", "{918EA7D9-C3F4-4FF7-9955-CDDF9396CB3F}"
EndProject
Project("{FAE04EC0-301F-11D3-BF4B-00C04F79EFBC}") = "Biblioteca.Dalc", "Biblioteca.Dalc\Biblioteca.Dalc.csproj", "{A534592B-BC12-44DB-8834-95F18CF11AB0}"
EndProject
Global
	GlobalSection(SolutionConfigurationPlatforms) = preSolution
		Debug|Any CPU = Debug|Any CPU
		Release|Any CPU = Release|Any CPU
	EndGlobalSection
	GlobalSection(ProjectConfigurationPlatforms) = postSolution
		{918EA7D9-C3F4-4FF7-9955-CDDF9396CB3F}.Debug|Any CPU.ActiveCfg = Debug|Any CPU
		{918EA7D9-C3F4-4FF7-9955-CDDF9396CB3F}.Debug|Any CPU.Build.0 = Debug|Any CPU
		{918EA7D9-C3F4-4FF7-9955-CDDF9396CB3F}.Release|Any CPU.ActiveCfg = Release|Any CPU
		{918EA7D9-C3F4-4FF7-9955-CDDF9396CB3F}.Release|Any CPU.Build.0 = Release|Any CPU
		{A534592B-BC12-44DB-8834-95F18CF11AB0}.Debug|Any CPU.ActiveCfg = Debug|Any CPU
		{A534592B-BC12-44DB-8834-95F18CF11AB0}.Debug|Any CPU.Build.0 = Debug|Any CPU
		{A534592B-BC12-44DB-8834-95F18CF11AB0}.Release|Any CPU.ActiveCfg = Release|Any CPU
		{A534592B-BC12-44DB-8834-95F18CF11AB0}.Release|Any CPU.Build.0 = Release|Any CPU
	EndGlobalSection
	GlobalSection(SolutionProperties) = preSolution
		HideSolutionNode = FALSE
	EndGlobalSection
EndGlobal
